
Microsoft Visual Studio Solution File, Format Version 12.00
# Visual Studio Version 16
VisualStudioVersion = 16.0.30503.244
MinimumVisualStudioVersion = 10.0.40219.1
Project("{FAE04EC0-301F-11D3-BF4B-00C04F79EFBC}") = "PracticaExamen", "PracticaExamen\PracticaExamen.csproj", "{68E0A9F5-5470-4125-AE83-742658E78EF3}"
EndProject
Project("{FAE04EC0-301F-11D3-BF4B-00C04F79EFBC}") = "UnitTestPractica1", "UnitTestPractica1\UnitTestPractica1.csproj", "{EDE85FA4-047D-4A94-AFF1-C64C35518284}"
EndProject
Project("{FAE04EC0-301F-11D3-BF4B-00C04F79EFBC}") = "AdmParcialPractica", "AdmParcialPractica\AdmParcialPractica.csproj", "{2FA991C9-1093-491B-903D-38E405196557}"
EndProject
Global
	GlobalSection(SolutionConfigurationPlatforms) = preSolution
		Debug|Any CPU = Debug|Any CPU
		Release|Any CPU = Release|Any CPU
	EndGlobalSection
	GlobalSection(ProjectConfigurationPlatforms) = postSolution
		{68E0A9F5-5470-4125-AE83-742658E78EF3}.Debug|Any CPU.ActiveCfg = Debug|Any CPU
		{68E0A9F5-5470-4125-AE83-742658E78EF3}.Debug|Any CPU.Build.0 = Debug|Any CPU
		{68E0A9F5-5470-4125-AE83-742658E78EF3}.Release|Any CPU.ActiveCfg = Release|Any CPU
		{68E0A9F5-5470-4125-AE83-742658E78EF3}.Release|Any CPU.Build.0 = Release|Any CPU
		{EDE85FA4-047D-4A94-AFF1-C64C35518284}.Debug|Any CPU.ActiveCfg = Debug|Any CPU
		{EDE85FA4-047D-4A94-AFF1-C64C35518284}.Debug|Any CPU.Build.0 = Debug|Any CPU
		{EDE85FA4-047D-4A94-AFF1-C64C35518284}.Release|Any CPU.ActiveCfg = Release|Any CPU
		{EDE85FA4-047D-4A94-AFF1-C64C35518284}.Release|Any CPU.Build.0 = Release|Any CPU
		{2FA991C9-1093-491B-903D-38E405196557}.Debug|Any CPU.ActiveCfg = Debug|Any CPU
		{2FA991C9-1093-491B-903D-38E405196557}.Debug|Any CPU.Build.0 = Debug|Any CPU
		{2FA991C9-1093-491B-903D-38E405196557}.Release|Any CPU.ActiveCfg = Release|Any CPU
		{2FA991C9-1093-491B-903D-38E405196557}.Release|Any CPU.Build.0 = Release|Any CPU
	EndGlobalSection
	GlobalSection(SolutionProperties) = preSolution
		HideSolutionNode = FALSE
	EndGlobalSection
	GlobalSection(ExtensibilityGlobals) = postSolution
		SolutionGuid = {880F20C0-1610-4BB7-9910-D5B526A24DDA}
	EndGlobalSection
EndGlobal
